// !$*UTF8*$!
{
	archiveVersion = 1;
	classes = {
	};
	objectVersion = 50;
	objects = {

/* Begin PBXBuildFile section */
		8C59D48224C747C90084D46B /* AppDelegate.swift in Sources */ = {isa = PBXBuildFile; fileRef = 8C59D48124C747C90084D46B /* AppDelegate.swift */; };
		8C59D48424C747C90084D46B /* SceneDelegate.swift in Sources */ = {isa = PBXBuildFile; fileRef = 8C59D48324C747C90084D46B /* SceneDelegate.swift */; };
		8C59D48624C747C90084D46B /* ViewController.swift in Sources */ = {isa = PBXBuildFile; fileRef = 8C59D48524C747C90084D46B /* ViewController.swift */; };
		8C59D48924C747C90084D46B /* Main.storyboard in Resources */ = {isa = PBXBuildFile; fileRef = 8C59D48724C747C90084D46B /* Main.storyboard */; };
		8C59D48C24C747C90084D46B /* CoreDataSampleApp.xcdatamodeld in Sources */ = {isa = PBXBuildFile; fileRef = 8C59D48A24C747C90084D46B /* CoreDataSampleApp.xcdatamodeld */; };
		8C59D48E24C747CB0084D46B /* Assets.xcassets in Resources */ = {isa = PBXBuildFile; fileRef = 8C59D48D24C747CB0084D46B /* Assets.xcassets */; };
		8C59D49124C747CB0084D46B /* LaunchScreen.storyboard in Resources */ = {isa = PBXBuildFile; fileRef = 8C59D48F24C747CB0084D46B /* LaunchScreen.storyboard */; };
		8CF2269124C814FC007412EA /* NextViewController.swift in Sources */ = {isa = PBXBuildFile; fileRef = 8CF2269024C814FC007412EA /* NextViewController.swift */; };
/* End PBXBuildFile section */

/* Begin PBXFileReference section */
		8C59D47E24C747C90084D46B /* CoreDataSampleApp.app */ = {isa = PBXFileReference; explicitFileType = wrapper.application; includeInIndex = 0; path = CoreDataSampleApp.app; sourceTree = BUILT_PRODUCTS_DIR; };
		8C59D48124C747C90084D46B /* AppDelegate.swift */ = {isa = PBXFileReference; lastKnownFileType = sourcecode.swift; path = AppDelegate.swift; sourceTree = "<group>"; };
		8C59D48324C747C90084D46B /* SceneDelegate.swift */ = {isa = PBXFileReference; lastKnownFileType = sourcecode.swift; path = SceneDelegate.swift; sourceTree = "<group>"; };
		8C59D48524C747C90084D46B /* ViewController.swift */ = {isa = PBXFileReference; lastKnownFileType = sourcecode.swift; path = ViewController.swift; sourceTree = "<group>"; };
		8C59D48824C747C90084D46B /* Base */ = {isa = PBXFileReference; lastKnownFileType = file.storyboard; name = Base; path = Base.lproj/Main.storyboard; sourceTree = "<group>"; };
		8C59D48B24C747C90084D46B /* CoreDataSampleApp.xcdatamodel */ = {isa = PBXFileReference; lastKnownFileType = wrapper.xcdatamodel; path = CoreDataSampleApp.xcdatamodel; sourceTree = "<group>"; };
		8C59D48D24C747CB0084D46B /* Assets.xcassets */ = {isa = PBXFileReference; lastKnownFileType = folder.assetcatalog; path = Assets.xcassets; sourceTree = "<group>"; };
		8C59D49024C747CB0084D46B /* Base */ = {isa = PBXFileReference; lastKnownFileType = file.storyboard; name = Base; path = Base.lproj/LaunchScreen.storyboard; sourceTree = "<group>"; };
		8C59D49224C747CB0084D46B /* Info.plist */ = {isa = PBXFileReference; lastKnownFileType = text.plist.xml; path = Info.plist; sourceTree = "<group>"; };
		8CF2269024C814FC007412EA /* NextViewController.swift */ = {isa = PBXFileReference; lastKnownFileType = sourcecode.swift; path = NextViewController.swift; sourceTree = "<group>"; };
/* End PBXFileReference section */

/* Begin PBXFrameworksBuildPhase section */
		8C59D47B24C747C90084D46B /* Frameworks */ = {
			isa = PBXFrameworksBuildPhase;
			buildActionMask = 2147483647;
			files = (
			);
			runOnlyForDeploymentPostprocessing = 0;
		};
/* End PBXFrameworksBuildPhase section */

/* Begin PBXGroup section */
		8C59D47524C747C90084D46B = {
			isa = PBXGroup;
			children = (
				8C59D48024C747C90084D46B /* CoreDataSampleApp */,
				8C59D47F24C747C90084D46B /* Products */,
			);
			sourceTree = "<group>";
		};
		8C59D47F24C747C90084D46B /* Products */ = {
			isa = PBXGroup;
			children = (
				8C59D47E24C747C90084D46B /* CoreDataSampleApp.app */,
			);
			name = Products;
			sourceTree = "<group>";
		};
		8C59D48024C747C90084D46B /* CoreDataSampleApp */ = {
			isa = PBXGroup;
			children = (
				8C59D48124C747C90084D46B /* AppDelegate.swift */,
				8C59D48324C747C90084D46B /* SceneDelegate.swift */,
				8C59D48524C747C90084D46B /* ViewController.swift */,
				8CF2269024C814FC007412EA /* NextViewController.swift */,
				8C59D48724C747C90084D46B /* Main.storyboard */,
				8C59D48D24C747CB0084D46B /* Assets.xcassets */,
				8C59D48F24C747CB0084D46B /* LaunchScreen.storyboard */,
				8C59D49224C747CB0084D46B /* Info.plist */,
				8C59D48A24C747C90084D46B /* CoreDataSampleApp.xcdatamodeld */,
			);
			path = CoreDataSampleApp;
			sourceTree = "<group>";
		};
/* End PBXGroup section */

/* Begin PBXNativeTarget section */
		8C59D47D24C747C90084D46B /* CoreDataSampleApp */ = {
			isa = PBXNativeTarget;
			buildConfigurationList = 8C59D49524C747CB0084D46B /* Build configuration list for PBXNativeTarget "CoreDataSampleApp" */;
			buildPhases = (
				8C59D47A24C747C90084D46B /* Sources */,
				8C59D47B24C747C90084D46B /* Frameworks */,
				8C59D47C24C747C90084D46B /* Resources */,
			);
			buildRules = (
			);
			dependencies = (
			);
			name = CoreDataSampleApp;
			productName = CoreDataSampleApp;
			productReference = 8C59D47E24C747C90084D46B /* CoreDataSampleApp.app */;
			productType = "com.apple.product-type.application";
		};
/* End PBXNativeTarget section */

/* Begin PBXProject section */
		8C59D47624C747C90084D46B /* Project object */ = {
			isa = PBXProject;
			attributes = {
				LastSwiftUpdateCheck = 1160;
				LastUpgradeCheck = 1160;
				ORGANIZATIONNAME = "尾原徳泰";
				TargetAttributes = {
					8C59D47D24C747C90084D46B = {
						CreatedOnToolsVersion = 11.6;
					};
				};
			};
			buildConfigurationList = 8C59D47924C747C90084D46B /* Build configuration list for PBXProject "CoreDataSampleApp" */;
			compatibilityVersion = "Xcode 9.3";
			developmentRegion = en;
			hasScannedForEncodings = 0;
			knownRegions = (
				en,
				Base,
			);
			mainGroup = 8C59D47524C747C90084D46B;
			productRefGroup = 8C59D47F24C747C90084D46B /* Products */;
			projectDirPath = "";
			projectRoot = "";
			targets = (
				8C59D47D24C747C90084D46B /* CoreDataSampleApp */,
			);
		};
/* End PBXProject section */

/* Begin PBXResourcesBuildPhase section */
		8C59D47C24C747C90084D46B /* Resources */ = {
			isa = PBXResourcesBuildPhase;
			buildActionMask = 2147483647;
			files = (
				8C59D49124C747CB0084D46B /* LaunchScreen.storyboard in Resources */,
				8C59D48E24C747CB0084D46B /* Assets.xcassets in Resources */,
				8C59D48924C747C90084D46B /* Main.storyboard in Resources */,
			);
			runOnlyForDeploymentPostprocessing = 0;
		};
/* End PBXResourcesBuildPhase section */

/* Begin PBXSourcesBuildPhase section */
		8C59D47A24C747C90084D46B /* Sources */ = {
			isa = PBXSourcesBuildPhase;
			buildActionMask = 2147483647;
			files = (
				8CF2269124C814FC007412EA /* NextViewController.swift in Sources */,
				8C59D48C24C747C90084D46B /* CoreDataSampleApp.xcdatamodeld in Sources */,
				8C59D48624C747C90084D46B /* ViewController.swift in Sources */,
				8C59D48224C747C90084D46B /* AppDelegate.swift in Sources */,
				8C59D48424C747C90084D46B /* SceneDelegate.swift in Sources */,
			);
			runOnlyForDeploymentPostprocessing = 0;
		};
/* End PBXSourcesBuildPhase section */

/* Begin PBXVariantGroup section */
		8C59D48724C747C90084D46B /* Main.storyboard */ = {
			isa = PBXVariantGroup;
			children = (
				8C59D48824C747C90084D46B /* Base */,
			);
			name = Main.storyboard;
			sourceTree = "<group>";
		};
		8C59D48F24C747CB0084D46B /* LaunchScreen.storyboard */ = {
			isa = PBXVariantGroup;
			children = (
				8C59D49024C747CB0084D46B /* Base */,
			);
			name = LaunchScreen.storyboard;
			sourceTree = "<group>";
		};
/* End PBXVariantGroup section */

/* Begin XCBuildConfiguration section */
		8C59D49324C747CB0084D46B /* Debug */ = {
			isa = XCBuildConfiguration;
			buildSettings = {
				ALWAYS_SEARCH_USER_PATHS = NO;
				CLANG_ANALYZER_NONNULL = YES;
				CLANG_ANALYZER_NUMBER_OBJECT_CONVERSION = YES_AGGRESSIVE;
				CLANG_CXX_LANGUAGE_STANDARD = "gnu++14";
				CLANG_CXX_LIBRARY = "libc++";
				CLANG_ENABLE_MODULES = YES;
				CLANG_ENABLE_OBJC_ARC = YES;
				CLANG_ENABLE_OBJC_WEAK = YES;
				CLANG_WARN_BLOCK_CAPTURE_AUTORELEASING = YES;
				CLANG_WARN_BOOL_CONVERSION = YES;
				CLANG_WARN_COMMA = YES;
				CLANG_WARN_CONSTANT_CONVERSION = YES;
				CLANG_WARN_DEPRECATED_OBJC_IMPLEMENTATIONS = YES;
				CLANG_WARN_DIRECT_OBJC_ISA_USAGE = YES_ERROR;
				CLANG_WARN_DOCUMENTATION_COMMENTS = YES;
				CLANG_WARN_EMPTY_BODY = YES;
				CLANG_WARN_ENUM_CONVERSION = YES;
				CLANG_WARN_INFINITE_RECURSION = YES;
				CLANG_WARN_INT_CONVERSION = YES;
				CLANG_WARN_NON_LITERAL_NULL_CONVERSION = YES;
				CLANG_WARN_OBJC_IMPLICIT_RETAIN_SELF = YES;
				CLANG_WARN_OBJC_LITERAL_CONVERSION = YES;
				CLANG_WARN_OBJC_ROOT_CLASS = YES_ERROR;
				CLANG_WARN_RANGE_LOOP_ANALYSIS = YES;
				CLANG_WARN_STRICT_PROTOTYPES = YES;
				CLANG_WARN_SUSPICIOUS_MOVE = YES;
				CLANG_WARN_UNGUARDED_AVAILABILITY = YES_AGGRESSIVE;
				CLANG_WARN_UNREACHABLE_CODE = YES;
				CLANG_WARN__DUPLICATE_METHOD_MATCH = YES;
				COPY_PHASE_STRIP = NO;
				DEBUG_INFORMATION_FORMAT = dwarf;
				ENABLE_STRICT_OBJC_MSGSEND = YES;
				ENABLE_TESTABILITY = YES;
				GCC_C_LANGUAGE_STANDARD = gnu11;
				GCC_DYNAMIC_NO_PIC = NO;
				GCC_NO_COMMON_BLOCKS = YES;
				GCC_OPTIMIZATION_LEVEL = 0;
				GCC_PREPROCESSOR_DEFINITIONS = (
					"DEBUG=1",
					"$(inherited)",
				);
				GCC_WARN_64_TO_32_BIT_CONVERSION = YES;
				GCC_WARN_ABOUT_RETURN_TYPE = YES_ERROR;
				GCC_WARN_UNDECLARED_SELECTOR = YES;
				GCC_WARN_UNINITIALIZED_AUTOS = YES_AGGRESSIVE;
				GCC_WARN_UNUSED_FUNCTION = YES;
				GCC_WARN_UNUSED_VARIABLE = YES;
				IPHONEOS_DEPLOYMENT_TARGET = 13.6;
				MTL_ENABLE_DEBUG_INFO = INCLUDE_SOURCE;
				MTL_FAST_MATH = YES;
				ONLY_ACTIVE_ARCH = YES;
				SDKROOT = iphoneos;
				SWIFT_ACTIVE_COMPILATION_CONDITIONS = DEBUG;
				SWIFT_OPTIMIZATION_LEVEL = "-Onone";
			};
			name = Debug;
		};
		8C59D49424C747CB0084D46B /* Release */ = {
			isa = XCBuildConfiguration;
			buildSettings = {
				ALWAYS_SEARCH_USER_PATHS = NO;
				CLANG_ANALYZER_NONNULL = YES;
				CLANG_ANALYZER_NUMBER_OBJECT_CONVERSION = YES_AGGRESSIVE;
				CLANG_CXX_LANGUAGE_STANDARD = "gnu++14";
				CLANG_CXX_LIBRARY = "libc++";
				CLANG_ENABLE_MODULES = YES;
				CLANG_ENABLE_OBJC_ARC = YES;
				CLANG_ENABLE_OBJC_WEAK = YES;
				CLANG_WARN_BLOCK_CAPTURE_AUTORELEASING = YES;
				CLANG_WARN_BOOL_CONVERSION = YES;
				CLANG_WARN_COMMA = YES;
				CLANG_WARN_CONSTANT_CONVERSION = YES;
				CLANG_WARN_DEPRECATED_OBJC_IMPLEMENTATIONS = YES;
				CLANG_WARN_DIRECT_OBJC_ISA_USAGE = YES_ERROR;
				CLANG_WARN_DOCUMENTATION_COMMENTS = YES;
				CLANG_WARN_EMPTY_BODY = YES;
				CLANG_WARN_ENUM_CONVERSION = YES;
				CLANG_WARN_INFINITE_RECURSION = YES;
				CLANG_WARN_INT_CONVERSION = YES;
				CLANG_WARN_NON_LITERAL_NULL_CONVERSION = YES;
				CLANG_WARN_OBJC_IMPLICIT_RETAIN_SELF = YES;
				CLANG_WARN_OBJC_LITERAL_CONVERSION = YES;
				CLANG_WARN_OBJC_ROOT_CLASS = YES_ERROR;
				CLANG_WARN_RANGE_LOOP_ANALYSIS = YES;
				CLANG_WARN_STRICT_PROTOTYPES = YES;
				CLANG_WARN_SUSPICIOUS_MOVE = YES;
				CLANG_WARN_UNGUARDED_AVAILABILITY = YES_AGGRESSIVE;
				CLANG_WARN_UNREACHABLE_CODE = YES;
				CLANG_WARN__DUPLICATE_METHOD_MATCH = YES;
				COPY_PHASE_STRIP = NO;
				DEBUG_INFORMATION_FORMAT = "dwarf-with-dsym";
				ENABLE_NS_ASSERTIONS = NO;
				ENABLE_STRICT_OBJC_MSGSEND = YES;
				GCC_C_LANGUAGE_STANDARD = gnu11;
				GCC_NO_COMMON_BLOCKS = YES;
				GCC_WARN_64_TO_32_BIT_CONVERSION = YES;
				GCC_WARN_ABOUT_RETURN_TYPE = YES_ERROR;
				GCC_WARN_UNDECLARED_SELECTOR = YES;
				GCC_WARN_UNINITIALIZED_AUTOS = YES_AGGRESSIVE;
				GCC_WARN_UNUSED_FUNCTION = YES;
				GCC_WARN_UNUSED_VARIABLE = YES;
				IPHONEOS_DEPLOYMENT_TARGET = 13.6;
				MTL_ENABLE_DEBUG_INFO = NO;
				MTL_FAST_MATH = YES;
				SDKROOT = iphoneos;
				SWIFT_COMPILATION_MODE = wholemodule;
				SWIFT_OPTIMIZATION_LEVEL = "-O";
				VALIDATE_PRODUCT = YES;
			};
			name = Release;
		};
		8C59D49624C747CB0084D46B /* Debug */ = {
			isa = XCBuildConfiguration;
			buildSettings = {
				ASSETCATALOG_COMPILER_APPICON_NAME = AppIcon;
				CODE_SIGN_STYLE = Automatic;
				DEVELOPMENT_TEAM = 4VA5NBL27P;
				INFOPLIST_FILE = CoreDataSampleApp/Info.plist;
				LD_RUNPATH_SEARCH_PATHS = (
					"$(inherited)",
					"@executable_path/Frameworks",
				);
				PRODUCT_BUNDLE_IDENTIFIER = com.gmail.tukareta.nori.CoreDataSampleApp;
				PRODUCT_NAME = "$(TARGET_NAME)";
				SWIFT_VERSION = 5.0;
				TARGETED_DEVICE_FAMILY = "1,2";
			};
			name = Debug;
		};
		8C59D49724C747CB0084D46B /* Release */ = {
			isa = XCBuildConfiguration;
			buildSettings = {
				ASSETCATALOG_COMPILER_APPICON_NAME = AppIcon;
				CODE_SIGN_STYLE = Automatic;
				DEVELOPMENT_TEAM = 4VA5NBL27P;
				INFOPLIST_FILE = CoreDataSampleApp/Info.plist;
				LD_RUNPATH_SEARCH_PATHS = (
					"$(inherited)",
					"@executable_path/Frameworks",
				);
				PRODUCT_BUNDLE_IDENTIFIER = com.gmail.tukareta.nori.CoreDataSampleApp;
				PRODUCT_NAME = "$(TARGET_NAME)";
				SWIFT_VERSION = 5.0;
				TARGETED_DEVICE_FAMILY = "1,2";
			};
			name = Release;
		};
/* End XCBuildConfiguration section */

/* Begin XCConfigurationList section */
		8C59D47924C747C90084D46B /* Build configuration list for PBXProject "CoreDataSampleApp" */ = {
			isa = XCConfigurationList;
			buildConfigurations = (
				8C59D49324C747CB0084D46B /* Debug */,
				8C59D49424C747CB0084D46B /* Release */,
			);
			defaultConfigurationIsVisible = 0;
			defaultConfigurationName = Release;
		};
		8C59D49524C747CB0084D46B /* Build configuration list for PBXNativeTarget "CoreDataSampleApp" */ = {
			isa = XCConfigurationList;
			buildConfigurations = (
				8C59D49624C747CB0084D46B /* Debug */,
				8C59D49724C747CB0084D46B /* Release */,
			);
			defaultConfigurationIsVisible = 0;
			defaultConfigurationName = Release;
		};
/* End XCConfigurationList section */

/* Begin XCVersionGroup section */
		8C59D48A24C747C90084D46B /* CoreDataSampleApp.xcdatamodeld */ = {
			isa = XCVersionGroup;
			children = (
				8C59D48B24C747C90084D46B /* CoreDataSampleApp.xcdatamodel */,
			);
			currentVersion = 8C59D48B24C747C90084D46B /* CoreDataSampleApp.xcdatamodel */;
			path = CoreDataSampleApp.xcdatamodeld;
			sourceTree = "<group>";
			versionGroupType = wrapper.xcdatamodel;
		};
/* End XCVersionGroup section */
	};
	rootObject = 8C59D47624C747C90084D46B /* Project object */;
}
