// !$*UTF8*$!
{
	archiveVersion = 1;
	classes = {
	};
	objectVersion = 50;
	objects = {

/* Begin PBXBuildFile section */
		8C889FE92516D14600362EC2 /* AppDelegate.swift in Sources */ = {isa = PBXBuildFile; fileRef = 8C889FE82516D14600362EC2 /* AppDelegate.swift */; };
		8C889FEB2516D14600362EC2 /* SceneDelegate.swift in Sources */ = {isa = PBXBuildFile; fileRef = 8C889FEA2516D14600362EC2 /* SceneDelegate.swift */; };
		8C889FED2516D14600362EC2 /* ViewController.swift in Sources */ = {isa = PBXBuildFile; fileRef = 8C889FEC2516D14600362EC2 /* ViewController.swift */; };
		8C889FF02516D14600362EC2 /* Main.storyboard in Resources */ = {isa = PBXBuildFile; fileRef = 8C889FEE2516D14600362EC2 /* Main.storyboard */; };
		8C889FF32516D14600362EC2 /* MVCCalculatorSampleApp.xcdatamodeld in Sources */ = {isa = PBXBuildFile; fileRef = 8C889FF12516D14600362EC2 /* MVCCalculatorSampleApp.xcdatamodeld */; };
		8C889FF52516D14800362EC2 /* Assets.xcassets in Resources */ = {isa = PBXBuildFile; fileRef = 8C889FF42516D14800362EC2 /* Assets.xcassets */; };
		8C889FF82516D14800362EC2 /* LaunchScreen.storyboard in Resources */ = {isa = PBXBuildFile; fileRef = 8C889FF62516D14800362EC2 /* LaunchScreen.storyboard */; };
		8C88A00325173F8800362EC2 /* MakeNumbertButton.swift in Sources */ = {isa = PBXBuildFile; fileRef = 8C88A00225173F8800362EC2 /* MakeNumbertButton.swift */; };
		8C88A0062519CCE500362EC2 /* NumberButtonAction.swift in Sources */ = {isa = PBXBuildFile; fileRef = 8C88A0052519CCE500362EC2 /* NumberButtonAction.swift */; };
		8C88A0082519CD4600362EC2 /* MakeView.swift in Sources */ = {isa = PBXBuildFile; fileRef = 8C88A0072519CD4600362EC2 /* MakeView.swift */; };
		8C88A00A2519CD8100362EC2 /* GetScreenSize.swift in Sources */ = {isa = PBXBuildFile; fileRef = 8C88A0092519CD8100362EC2 /* GetScreenSize.swift */; };
		8C88A00C2519D25E00362EC2 /* MakeCalculatorButton.swift in Sources */ = {isa = PBXBuildFile; fileRef = 8C88A00B2519D25E00362EC2 /* MakeCalculatorButton.swift */; };
		8C88A00E2519D29100362EC2 /* CalculatorButtonAction.swift in Sources */ = {isa = PBXBuildFile; fileRef = 8C88A00D2519D29100362EC2 /* CalculatorButtonAction.swift */; };
		8C88A0102519D2C200362EC2 /* MakeResultButton.swift in Sources */ = {isa = PBXBuildFile; fileRef = 8C88A00F2519D2C200362EC2 /* MakeResultButton.swift */; };
		8C88A012251A483F00362EC2 /* SetBackGroundColor.swift in Sources */ = {isa = PBXBuildFile; fileRef = 8C88A011251A483F00362EC2 /* SetBackGroundColor.swift */; };
/* End PBXBuildFile section */

/* Begin PBXFileReference section */
		8C889FE52516D14600362EC2 /* MVCCalculatorSampleApp.app */ = {isa = PBXFileReference; explicitFileType = wrapper.application; includeInIndex = 0; path = MVCCalculatorSampleApp.app; sourceTree = BUILT_PRODUCTS_DIR; };
		8C889FE82516D14600362EC2 /* AppDelegate.swift */ = {isa = PBXFileReference; lastKnownFileType = sourcecode.swift; path = AppDelegate.swift; sourceTree = "<group>"; };
		8C889FEA2516D14600362EC2 /* SceneDelegate.swift */ = {isa = PBXFileReference; lastKnownFileType = sourcecode.swift; path = SceneDelegate.swift; sourceTree = "<group>"; };
		8C889FEC2516D14600362EC2 /* ViewController.swift */ = {isa = PBXFileReference; lastKnownFileType = sourcecode.swift; path = ViewController.swift; sourceTree = "<group>"; };
		8C889FEF2516D14600362EC2 /* Base */ = {isa = PBXFileReference; lastKnownFileType = file.storyboard; name = Base; path = Base.lproj/Main.storyboard; sourceTree = "<group>"; };
		8C889FF22516D14600362EC2 /* MVCCalculatorSampleApp.xcdatamodel */ = {isa = PBXFileReference; lastKnownFileType = wrapper.xcdatamodel; path = MVCCalculatorSampleApp.xcdatamodel; sourceTree = "<group>"; };
		8C889FF42516D14800362EC2 /* Assets.xcassets */ = {isa = PBXFileReference; lastKnownFileType = folder.assetcatalog; path = Assets.xcassets; sourceTree = "<group>"; };
		8C889FF72516D14800362EC2 /* Base */ = {isa = PBXFileReference; lastKnownFileType = file.storyboard; name = Base; path = Base.lproj/LaunchScreen.storyboard; sourceTree = "<group>"; };
		8C889FF92516D14800362EC2 /* Info.plist */ = {isa = PBXFileReference; lastKnownFileType = text.plist.xml; path = Info.plist; sourceTree = "<group>"; };
		8C88A00225173F8800362EC2 /* MakeNumbertButton.swift */ = {isa = PBXFileReference; lastKnownFileType = sourcecode.swift; path = MakeNumbertButton.swift; sourceTree = "<group>"; };
		8C88A0052519CCE500362EC2 /* NumberButtonAction.swift */ = {isa = PBXFileReference; lastKnownFileType = sourcecode.swift; path = NumberButtonAction.swift; sourceTree = "<group>"; };
		8C88A0072519CD4600362EC2 /* MakeView.swift */ = {isa = PBXFileReference; lastKnownFileType = sourcecode.swift; path = MakeView.swift; sourceTree = "<group>"; };
		8C88A0092519CD8100362EC2 /* GetScreenSize.swift */ = {isa = PBXFileReference; lastKnownFileType = sourcecode.swift; path = GetScreenSize.swift; sourceTree = "<group>"; };
		8C88A00B2519D25E00362EC2 /* MakeCalculatorButton.swift */ = {isa = PBXFileReference; lastKnownFileType = sourcecode.swift; path = MakeCalculatorButton.swift; sourceTree = "<group>"; };
		8C88A00D2519D29100362EC2 /* CalculatorButtonAction.swift */ = {isa = PBXFileReference; lastKnownFileType = sourcecode.swift; path = CalculatorButtonAction.swift; sourceTree = "<group>"; };
		8C88A00F2519D2C200362EC2 /* MakeResultButton.swift */ = {isa = PBXFileReference; lastKnownFileType = sourcecode.swift; path = MakeResultButton.swift; sourceTree = "<group>"; };
		8C88A011251A483F00362EC2 /* SetBackGroundColor.swift */ = {isa = PBXFileReference; lastKnownFileType = sourcecode.swift; path = SetBackGroundColor.swift; sourceTree = "<group>"; };
/* End PBXFileReference section */

/* Begin PBXFrameworksBuildPhase section */
		8C889FE22516D14600362EC2 /* Frameworks */ = {
			isa = PBXFrameworksBuildPhase;
			buildActionMask = 2147483647;
			files = (
			);
			runOnlyForDeploymentPostprocessing = 0;
		};
/* End PBXFrameworksBuildPhase section */

/* Begin PBXGroup section */
		8C889FDC2516D14600362EC2 = {
			isa = PBXGroup;
			children = (
				8C889FE72516D14600362EC2 /* MVCCalculatorSampleApp */,
				8C889FE62516D14600362EC2 /* Products */,
			);
			sourceTree = "<group>";
		};
		8C889FE62516D14600362EC2 /* Products */ = {
			isa = PBXGroup;
			children = (
				8C889FE52516D14600362EC2 /* MVCCalculatorSampleApp.app */,
			);
			name = Products;
			sourceTree = "<group>";
		};
		8C889FE72516D14600362EC2 /* MVCCalculatorSampleApp */ = {
			isa = PBXGroup;
			children = (
				8C88A0042519C7F400362EC2 /* SwiftArchitecture */,
				8C889FFF2516D61400362EC2 /* Model */,
				8C88A0002516D62200362EC2 /* View */,
				8C88A0012516D62A00362EC2 /* Controller */,
				8C889FF92516D14800362EC2 /* Info.plist */,
				8C889FF12516D14600362EC2 /* MVCCalculatorSampleApp.xcdatamodeld */,
			);
			path = MVCCalculatorSampleApp;
			sourceTree = "<group>";
		};
		8C889FFF2516D61400362EC2 /* Model */ = {
			isa = PBXGroup;
			children = (
				8C88A00225173F8800362EC2 /* MakeNumbertButton.swift */,
				8C88A0052519CCE500362EC2 /* NumberButtonAction.swift */,
				8C88A0092519CD8100362EC2 /* GetScreenSize.swift */,
				8C88A00B2519D25E00362EC2 /* MakeCalculatorButton.swift */,
				8C88A00D2519D29100362EC2 /* CalculatorButtonAction.swift */,
				8C88A00F2519D2C200362EC2 /* MakeResultButton.swift */,
				8C88A011251A483F00362EC2 /* SetBackGroundColor.swift */,
			);
			path = Model;
			sourceTree = "<group>";
		};
		8C88A0002516D62200362EC2 /* View */ = {
			isa = PBXGroup;
			children = (
				8C88A0072519CD4600362EC2 /* MakeView.swift */,
				8C889FEE2516D14600362EC2 /* Main.storyboard */,
				8C889FF42516D14800362EC2 /* Assets.xcassets */,
				8C889FF62516D14800362EC2 /* LaunchScreen.storyboard */,
			);
			path = View;
			sourceTree = "<group>";
		};
		8C88A0012516D62A00362EC2 /* Controller */ = {
			isa = PBXGroup;
			children = (
				8C889FEC2516D14600362EC2 /* ViewController.swift */,
			);
			path = Controller;
			sourceTree = "<group>";
		};
		8C88A0042519C7F400362EC2 /* SwiftArchitecture */ = {
			isa = PBXGroup;
			children = (
				8C889FE82516D14600362EC2 /* AppDelegate.swift */,
				8C889FEA2516D14600362EC2 /* SceneDelegate.swift */,
			);
			path = SwiftArchitecture;
			sourceTree = "<group>";
		};
/* End PBXGroup section */

/* Begin PBXNativeTarget section */
		8C889FE42516D14600362EC2 /* MVCCalculatorSampleApp */ = {
			isa = PBXNativeTarget;
			buildConfigurationList = 8C889FFC2516D14800362EC2 /* Build configuration list for PBXNativeTarget "MVCCalculatorSampleApp" */;
			buildPhases = (
				8C889FE12516D14600362EC2 /* Sources */,
				8C889FE22516D14600362EC2 /* Frameworks */,
				8C889FE32516D14600362EC2 /* Resources */,
			);
			buildRules = (
			);
			dependencies = (
			);
			name = MVCCalculatorSampleApp;
			productName = MVCCalculatorSampleApp;
			productReference = 8C889FE52516D14600362EC2 /* MVCCalculatorSampleApp.app */;
			productType = "com.apple.product-type.application";
		};
/* End PBXNativeTarget section */

/* Begin PBXProject section */
		8C889FDD2516D14600362EC2 /* Project object */ = {
			isa = PBXProject;
			attributes = {
				LastSwiftUpdateCheck = 1170;
				LastUpgradeCheck = 1170;
				ORGANIZATIONNAME = "尾原徳泰";
				TargetAttributes = {
					8C889FE42516D14600362EC2 = {
						CreatedOnToolsVersion = 11.7;
					};
				};
			};
			buildConfigurationList = 8C889FE02516D14600362EC2 /* Build configuration list for PBXProject "MVCCalculatorSampleApp" */;
			compatibilityVersion = "Xcode 9.3";
			developmentRegion = en;
			hasScannedForEncodings = 0;
			knownRegions = (
				en,
				Base,
			);
			mainGroup = 8C889FDC2516D14600362EC2;
			productRefGroup = 8C889FE62516D14600362EC2 /* Products */;
			projectDirPath = "";
			projectRoot = "";
			targets = (
				8C889FE42516D14600362EC2 /* MVCCalculatorSampleApp */,
			);
		};
/* End PBXProject section */

/* Begin PBXResourcesBuildPhase section */
		8C889FE32516D14600362EC2 /* Resources */ = {
			isa = PBXResourcesBuildPhase;
			buildActionMask = 2147483647;
			files = (
				8C889FF82516D14800362EC2 /* LaunchScreen.storyboard in Resources */,
				8C889FF52516D14800362EC2 /* Assets.xcassets in Resources */,
				8C889FF02516D14600362EC2 /* Main.storyboard in Resources */,
			);
			runOnlyForDeploymentPostprocessing = 0;
		};
/* End PBXResourcesBuildPhase section */

/* Begin PBXSourcesBuildPhase section */
		8C889FE12516D14600362EC2 /* Sources */ = {
			isa = PBXSourcesBuildPhase;
			buildActionMask = 2147483647;
			files = (
				8C889FED2516D14600362EC2 /* ViewController.swift in Sources */,
				8C88A00A2519CD8100362EC2 /* GetScreenSize.swift in Sources */,
				8C88A012251A483F00362EC2 /* SetBackGroundColor.swift in Sources */,
				8C88A0062519CCE500362EC2 /* NumberButtonAction.swift in Sources */,
				8C889FE92516D14600362EC2 /* AppDelegate.swift in Sources */,
				8C88A00C2519D25E00362EC2 /* MakeCalculatorButton.swift in Sources */,
				8C88A00E2519D29100362EC2 /* CalculatorButtonAction.swift in Sources */,
				8C88A0102519D2C200362EC2 /* MakeResultButton.swift in Sources */,
				8C88A00325173F8800362EC2 /* MakeNumbertButton.swift in Sources */,
				8C88A0082519CD4600362EC2 /* MakeView.swift in Sources */,
				8C889FF32516D14600362EC2 /* MVCCalculatorSampleApp.xcdatamodeld in Sources */,
				8C889FEB2516D14600362EC2 /* SceneDelegate.swift in Sources */,
			);
			runOnlyForDeploymentPostprocessing = 0;
		};
/* End PBXSourcesBuildPhase section */

/* Begin PBXVariantGroup section */
		8C889FEE2516D14600362EC2 /* Main.storyboard */ = {
			isa = PBXVariantGroup;
			children = (
				8C889FEF2516D14600362EC2 /* Base */,
			);
			name = Main.storyboard;
			sourceTree = "<group>";
		};
		8C889FF62516D14800362EC2 /* LaunchScreen.storyboard */ = {
			isa = PBXVariantGroup;
			children = (
				8C889FF72516D14800362EC2 /* Base */,
			);
			name = LaunchScreen.storyboard;
			sourceTree = "<group>";
		};
/* End PBXVariantGroup section */

/* Begin XCBuildConfiguration section */
		8C889FFA2516D14800362EC2 /* Debug */ = {
			isa = XCBuildConfiguration;
			buildSettings = {
				ALWAYS_SEARCH_USER_PATHS = NO;
				CLANG_ANALYZER_NONNULL = YES;
				CLANG_ANALYZER_NUMBER_OBJECT_CONVERSION = YES_AGGRESSIVE;
				CLANG_CXX_LANGUAGE_STANDARD = "gnu++14";
				CLANG_CXX_LIBRARY = "libc++";
				CLANG_ENABLE_MODULES = YES;
				CLANG_ENABLE_OBJC_ARC = YES;
				CLANG_ENABLE_OBJC_WEAK = YES;
				CLANG_WARN_BLOCK_CAPTURE_AUTORELEASING = YES;
				CLANG_WARN_BOOL_CONVERSION = YES;
				CLANG_WARN_COMMA = YES;
				CLANG_WARN_CONSTANT_CONVERSION = YES;
				CLANG_WARN_DEPRECATED_OBJC_IMPLEMENTATIONS = YES;
				CLANG_WARN_DIRECT_OBJC_ISA_USAGE = YES_ERROR;
				CLANG_WARN_DOCUMENTATION_COMMENTS = YES;
				CLANG_WARN_EMPTY_BODY = YES;
				CLANG_WARN_ENUM_CONVERSION = YES;
				CLANG_WARN_INFINITE_RECURSION = YES;
				CLANG_WARN_INT_CONVERSION = YES;
				CLANG_WARN_NON_LITERAL_NULL_CONVERSION = YES;
				CLANG_WARN_OBJC_IMPLICIT_RETAIN_SELF = YES;
				CLANG_WARN_OBJC_LITERAL_CONVERSION = YES;
				CLANG_WARN_OBJC_ROOT_CLASS = YES_ERROR;
				CLANG_WARN_RANGE_LOOP_ANALYSIS = YES;
				CLANG_WARN_STRICT_PROTOTYPES = YES;
				CLANG_WARN_SUSPICIOUS_MOVE = YES;
				CLANG_WARN_UNGUARDED_AVAILABILITY = YES_AGGRESSIVE;
				CLANG_WARN_UNREACHABLE_CODE = YES;
				CLANG_WARN__DUPLICATE_METHOD_MATCH = YES;
				COPY_PHASE_STRIP = NO;
				DEBUG_INFORMATION_FORMAT = dwarf;
				ENABLE_STRICT_OBJC_MSGSEND = YES;
				ENABLE_TESTABILITY = YES;
				GCC_C_LANGUAGE_STANDARD = gnu11;
				GCC_DYNAMIC_NO_PIC = NO;
				GCC_NO_COMMON_BLOCKS = YES;
				GCC_OPTIMIZATION_LEVEL = 0;
				GCC_PREPROCESSOR_DEFINITIONS = (
					"DEBUG=1",
					"$(inherited)",
				);
				GCC_WARN_64_TO_32_BIT_CONVERSION = YES;
				GCC_WARN_ABOUT_RETURN_TYPE = YES_ERROR;
				GCC_WARN_UNDECLARED_SELECTOR = YES;
				GCC_WARN_UNINITIALIZED_AUTOS = YES_AGGRESSIVE;
				GCC_WARN_UNUSED_FUNCTION = YES;
				GCC_WARN_UNUSED_VARIABLE = YES;
				IPHONEOS_DEPLOYMENT_TARGET = 13.7;
				MTL_ENABLE_DEBUG_INFO = INCLUDE_SOURCE;
				MTL_FAST_MATH = YES;
				ONLY_ACTIVE_ARCH = YES;
				SDKROOT = iphoneos;
				SWIFT_ACTIVE_COMPILATION_CONDITIONS = DEBUG;
				SWIFT_OPTIMIZATION_LEVEL = "-Onone";
			};
			name = Debug;
		};
		8C889FFB2516D14800362EC2 /* Release */ = {
			isa = XCBuildConfiguration;
			buildSettings = {
				ALWAYS_SEARCH_USER_PATHS = NO;
				CLANG_ANALYZER_NONNULL = YES;
				CLANG_ANALYZER_NUMBER_OBJECT_CONVERSION = YES_AGGRESSIVE;
				CLANG_CXX_LANGUAGE_STANDARD = "gnu++14";
				CLANG_CXX_LIBRARY = "libc++";
				CLANG_ENABLE_MODULES = YES;
				CLANG_ENABLE_OBJC_ARC = YES;
				CLANG_ENABLE_OBJC_WEAK = YES;
				CLANG_WARN_BLOCK_CAPTURE_AUTORELEASING = YES;
				CLANG_WARN_BOOL_CONVERSION = YES;
				CLANG_WARN_COMMA = YES;
				CLANG_WARN_CONSTANT_CONVERSION = YES;
				CLANG_WARN_DEPRECATED_OBJC_IMPLEMENTATIONS = YES;
				CLANG_WARN_DIRECT_OBJC_ISA_USAGE = YES_ERROR;
				CLANG_WARN_DOCUMENTATION_COMMENTS = YES;
				CLANG_WARN_EMPTY_BODY = YES;
				CLANG_WARN_ENUM_CONVERSION = YES;
				CLANG_WARN_INFINITE_RECURSION = YES;
				CLANG_WARN_INT_CONVERSION = YES;
				CLANG_WARN_NON_LITERAL_NULL_CONVERSION = YES;
				CLANG_WARN_OBJC_IMPLICIT_RETAIN_SELF = YES;
				CLANG_WARN_OBJC_LITERAL_CONVERSION = YES;
				CLANG_WARN_OBJC_ROOT_CLASS = YES_ERROR;
				CLANG_WARN_RANGE_LOOP_ANALYSIS = YES;
				CLANG_WARN_STRICT_PROTOTYPES = YES;
				CLANG_WARN_SUSPICIOUS_MOVE = YES;
				CLANG_WARN_UNGUARDED_AVAILABILITY = YES_AGGRESSIVE;
				CLANG_WARN_UNREACHABLE_CODE = YES;
				CLANG_WARN__DUPLICATE_METHOD_MATCH = YES;
				COPY_PHASE_STRIP = NO;
				DEBUG_INFORMATION_FORMAT = "dwarf-with-dsym";
				ENABLE_NS_ASSERTIONS = NO;
				ENABLE_STRICT_OBJC_MSGSEND = YES;
				GCC_C_LANGUAGE_STANDARD = gnu11;
				GCC_NO_COMMON_BLOCKS = YES;
				GCC_WARN_64_TO_32_BIT_CONVERSION = YES;
				GCC_WARN_ABOUT_RETURN_TYPE = YES_ERROR;
				GCC_WARN_UNDECLARED_SELECTOR = YES;
				GCC_WARN_UNINITIALIZED_AUTOS = YES_AGGRESSIVE;
				GCC_WARN_UNUSED_FUNCTION = YES;
				GCC_WARN_UNUSED_VARIABLE = YES;
				IPHONEOS_DEPLOYMENT_TARGET = 13.7;
				MTL_ENABLE_DEBUG_INFO = NO;
				MTL_FAST_MATH = YES;
				SDKROOT = iphoneos;
				SWIFT_COMPILATION_MODE = wholemodule;
				SWIFT_OPTIMIZATION_LEVEL = "-O";
				VALIDATE_PRODUCT = YES;
			};
			name = Release;
		};
		8C889FFD2516D14800362EC2 /* Debug */ = {
			isa = XCBuildConfiguration;
			buildSettings = {
				ASSETCATALOG_COMPILER_APPICON_NAME = AppIcon;
				CODE_SIGN_STYLE = Automatic;
				DEVELOPMENT_TEAM = 4VA5NBL27P;
				INFOPLIST_FILE = MVCCalculatorSampleApp/Info.plist;
				LD_RUNPATH_SEARCH_PATHS = (
					"$(inherited)",
					"@executable_path/Frameworks",
				);
				PRODUCT_BUNDLE_IDENTIFIER = com.gmail.tukareta.nori.MVCCalculatorSampleApp;
				PRODUCT_NAME = "$(TARGET_NAME)";
				SWIFT_VERSION = 5.0;
				TARGETED_DEVICE_FAMILY = "1,2";
			};
			name = Debug;
		};
		8C889FFE2516D14800362EC2 /* Release */ = {
			isa = XCBuildConfiguration;
			buildSettings = {
				ASSETCATALOG_COMPILER_APPICON_NAME = AppIcon;
				CODE_SIGN_STYLE = Automatic;
				DEVELOPMENT_TEAM = 4VA5NBL27P;
				INFOPLIST_FILE = MVCCalculatorSampleApp/Info.plist;
				LD_RUNPATH_SEARCH_PATHS = (
					"$(inherited)",
					"@executable_path/Frameworks",
				);
				PRODUCT_BUNDLE_IDENTIFIER = com.gmail.tukareta.nori.MVCCalculatorSampleApp;
				PRODUCT_NAME = "$(TARGET_NAME)";
				SWIFT_VERSION = 5.0;
				TARGETED_DEVICE_FAMILY = "1,2";
			};
			name = Release;
		};
/* End XCBuildConfiguration section */

/* Begin XCConfigurationList section */
		8C889FE02516D14600362EC2 /* Build configuration list for PBXProject "MVCCalculatorSampleApp" */ = {
			isa = XCConfigurationList;
			buildConfigurations = (
				8C889FFA2516D14800362EC2 /* Debug */,
				8C889FFB2516D14800362EC2 /* Release */,
			);
			defaultConfigurationIsVisible = 0;
			defaultConfigurationName = Release;
		};
		8C889FFC2516D14800362EC2 /* Build configuration list for PBXNativeTarget "MVCCalculatorSampleApp" */ = {
			isa = XCConfigurationList;
			buildConfigurations = (
				8C889FFD2516D14800362EC2 /* Debug */,
				8C889FFE2516D14800362EC2 /* Release */,
			);
			defaultConfigurationIsVisible = 0;
			defaultConfigurationName = Release;
		};
/* End XCConfigurationList section */

/* Begin XCVersionGroup section */
		8C889FF12516D14600362EC2 /* MVCCalculatorSampleApp.xcdatamodeld */ = {
			isa = XCVersionGroup;
			children = (
				8C889FF22516D14600362EC2 /* MVCCalculatorSampleApp.xcdatamodel */,
			);
			currentVersion = 8C889FF22516D14600362EC2 /* MVCCalculatorSampleApp.xcdatamodel */;
			path = MVCCalculatorSampleApp.xcdatamodeld;
			sourceTree = "<group>";
			versionGroupType = wrapper.xcdatamodel;
		};
/* End XCVersionGroup section */
	};
	rootObject = 8C889FDD2516D14600362EC2 /* Project object */;
}
