// !$*UTF8*$!
{
	archiveVersion = 1;
	classes = {
	};
	objectVersion = 50;
	objects = {

/* Begin PBXBuildFile section */
		8C4ADCB024F6A6F900F8B6F6 /* AppDelegate.swift in Sources */ = {isa = PBXBuildFile; fileRef = 8C4ADCAF24F6A6F900F8B6F6 /* AppDelegate.swift */; };
		8C4ADCB224F6A6F900F8B6F6 /* SceneDelegate.swift in Sources */ = {isa = PBXBuildFile; fileRef = 8C4ADCB124F6A6F900F8B6F6 /* SceneDelegate.swift */; };
		8C4ADCB424F6A6F900F8B6F6 /* ViewController.swift in Sources */ = {isa = PBXBuildFile; fileRef = 8C4ADCB324F6A6F900F8B6F6 /* ViewController.swift */; };
		8C4ADCB724F6A6F900F8B6F6 /* Main.storyboard in Resources */ = {isa = PBXBuildFile; fileRef = 8C4ADCB524F6A6F900F8B6F6 /* Main.storyboard */; };
		8C4ADCBA24F6A6F900F8B6F6 /* navSampleApp.xcdatamodeld in Sources */ = {isa = PBXBuildFile; fileRef = 8C4ADCB824F6A6F900F8B6F6 /* navSampleApp.xcdatamodeld */; };
		8C4ADCBC24F6A6FC00F8B6F6 /* Assets.xcassets in Resources */ = {isa = PBXBuildFile; fileRef = 8C4ADCBB24F6A6FC00F8B6F6 /* Assets.xcassets */; };
		8C4ADCBF24F6A6FC00F8B6F6 /* LaunchScreen.storyboard in Resources */ = {isa = PBXBuildFile; fileRef = 8C4ADCBD24F6A6FC00F8B6F6 /* LaunchScreen.storyboard */; };
		8C4ADCC724F6A77900F8B6F6 /* NextViewController.swift in Sources */ = {isa = PBXBuildFile; fileRef = 8C4ADCC624F6A77900F8B6F6 /* NextViewController.swift */; };
/* End PBXBuildFile section */

/* Begin PBXFileReference section */
		8C4ADCAC24F6A6F900F8B6F6 /* navSampleApp.app */ = {isa = PBXFileReference; explicitFileType = wrapper.application; includeInIndex = 0; path = navSampleApp.app; sourceTree = BUILT_PRODUCTS_DIR; };
		8C4ADCAF24F6A6F900F8B6F6 /* AppDelegate.swift */ = {isa = PBXFileReference; lastKnownFileType = sourcecode.swift; path = AppDelegate.swift; sourceTree = "<group>"; };
		8C4ADCB124F6A6F900F8B6F6 /* SceneDelegate.swift */ = {isa = PBXFileReference; lastKnownFileType = sourcecode.swift; path = SceneDelegate.swift; sourceTree = "<group>"; };
		8C4ADCB324F6A6F900F8B6F6 /* ViewController.swift */ = {isa = PBXFileReference; lastKnownFileType = sourcecode.swift; path = ViewController.swift; sourceTree = "<group>"; };
		8C4ADCB624F6A6F900F8B6F6 /* Base */ = {isa = PBXFileReference; lastKnownFileType = file.storyboard; name = Base; path = Base.lproj/Main.storyboard; sourceTree = "<group>"; };
		8C4ADCB924F6A6F900F8B6F6 /* navSampleApp.xcdatamodel */ = {isa = PBXFileReference; lastKnownFileType = wrapper.xcdatamodel; path = navSampleApp.xcdatamodel; sourceTree = "<group>"; };
		8C4ADCBB24F6A6FC00F8B6F6 /* Assets.xcassets */ = {isa = PBXFileReference; lastKnownFileType = folder.assetcatalog; path = Assets.xcassets; sourceTree = "<group>"; };
		8C4ADCBE24F6A6FC00F8B6F6 /* Base */ = {isa = PBXFileReference; lastKnownFileType = file.storyboard; name = Base; path = Base.lproj/LaunchScreen.storyboard; sourceTree = "<group>"; };
		8C4ADCC024F6A6FC00F8B6F6 /* Info.plist */ = {isa = PBXFileReference; lastKnownFileType = text.plist.xml; path = Info.plist; sourceTree = "<group>"; };
		8C4ADCC624F6A77900F8B6F6 /* NextViewController.swift */ = {isa = PBXFileReference; lastKnownFileType = sourcecode.swift; path = NextViewController.swift; sourceTree = "<group>"; };
/* End PBXFileReference section */

/* Begin PBXFrameworksBuildPhase section */
		8C4ADCA924F6A6F900F8B6F6 /* Frameworks */ = {
			isa = PBXFrameworksBuildPhase;
			buildActionMask = 2147483647;
			files = (
			);
			runOnlyForDeploymentPostprocessing = 0;
		};
/* End PBXFrameworksBuildPhase section */

/* Begin PBXGroup section */
		8C4ADCA324F6A6F900F8B6F6 = {
			isa = PBXGroup;
			children = (
				8C4ADCAE24F6A6F900F8B6F6 /* navSampleApp */,
				8C4ADCAD24F6A6F900F8B6F6 /* Products */,
			);
			sourceTree = "<group>";
		};
		8C4ADCAD24F6A6F900F8B6F6 /* Products */ = {
			isa = PBXGroup;
			children = (
				8C4ADCAC24F6A6F900F8B6F6 /* navSampleApp.app */,
			);
			name = Products;
			sourceTree = "<group>";
		};
		8C4ADCAE24F6A6F900F8B6F6 /* navSampleApp */ = {
			isa = PBXGroup;
			children = (
				8C4ADCAF24F6A6F900F8B6F6 /* AppDelegate.swift */,
				8C4ADCB124F6A6F900F8B6F6 /* SceneDelegate.swift */,
				8C4ADCB324F6A6F900F8B6F6 /* ViewController.swift */,
				8C4ADCC624F6A77900F8B6F6 /* NextViewController.swift */,
				8C4ADCB524F6A6F900F8B6F6 /* Main.storyboard */,
				8C4ADCBB24F6A6FC00F8B6F6 /* Assets.xcassets */,
				8C4ADCBD24F6A6FC00F8B6F6 /* LaunchScreen.storyboard */,
				8C4ADCC024F6A6FC00F8B6F6 /* Info.plist */,
				8C4ADCB824F6A6F900F8B6F6 /* navSampleApp.xcdatamodeld */,
			);
			path = navSampleApp;
			sourceTree = "<group>";
		};
/* End PBXGroup section */

/* Begin PBXNativeTarget section */
		8C4ADCAB24F6A6F900F8B6F6 /* navSampleApp */ = {
			isa = PBXNativeTarget;
			buildConfigurationList = 8C4ADCC324F6A6FC00F8B6F6 /* Build configuration list for PBXNativeTarget "navSampleApp" */;
			buildPhases = (
				8C4ADCA824F6A6F900F8B6F6 /* Sources */,
				8C4ADCA924F6A6F900F8B6F6 /* Frameworks */,
				8C4ADCAA24F6A6F900F8B6F6 /* Resources */,
			);
			buildRules = (
			);
			dependencies = (
			);
			name = navSampleApp;
			productName = navSampleApp;
			productReference = 8C4ADCAC24F6A6F900F8B6F6 /* navSampleApp.app */;
			productType = "com.apple.product-type.application";
		};
/* End PBXNativeTarget section */

/* Begin PBXProject section */
		8C4ADCA424F6A6F900F8B6F6 /* Project object */ = {
			isa = PBXProject;
			attributes = {
				LastSwiftUpdateCheck = 1160;
				LastUpgradeCheck = 1160;
				ORGANIZATIONNAME = "尾原徳泰";
				TargetAttributes = {
					8C4ADCAB24F6A6F900F8B6F6 = {
						CreatedOnToolsVersion = 11.6;
					};
				};
			};
			buildConfigurationList = 8C4ADCA724F6A6F900F8B6F6 /* Build configuration list for PBXProject "navSampleApp" */;
			compatibilityVersion = "Xcode 9.3";
			developmentRegion = en;
			hasScannedForEncodings = 0;
			knownRegions = (
				en,
				Base,
			);
			mainGroup = 8C4ADCA324F6A6F900F8B6F6;
			productRefGroup = 8C4ADCAD24F6A6F900F8B6F6 /* Products */;
			projectDirPath = "";
			projectRoot = "";
			targets = (
				8C4ADCAB24F6A6F900F8B6F6 /* navSampleApp */,
			);
		};
/* End PBXProject section */

/* Begin PBXResourcesBuildPhase section */
		8C4ADCAA24F6A6F900F8B6F6 /* Resources */ = {
			isa = PBXResourcesBuildPhase;
			buildActionMask = 2147483647;
			files = (
				8C4ADCBF24F6A6FC00F8B6F6 /* LaunchScreen.storyboard in Resources */,
				8C4ADCBC24F6A6FC00F8B6F6 /* Assets.xcassets in Resources */,
				8C4ADCB724F6A6F900F8B6F6 /* Main.storyboard in Resources */,
			);
			runOnlyForDeploymentPostprocessing = 0;
		};
/* End PBXResourcesBuildPhase section */

/* Begin PBXSourcesBuildPhase section */
		8C4ADCA824F6A6F900F8B6F6 /* Sources */ = {
			isa = PBXSourcesBuildPhase;
			buildActionMask = 2147483647;
			files = (
				8C4ADCC724F6A77900F8B6F6 /* NextViewController.swift in Sources */,
				8C4ADCB424F6A6F900F8B6F6 /* ViewController.swift in Sources */,
				8C4ADCBA24F6A6F900F8B6F6 /* navSampleApp.xcdatamodeld in Sources */,
				8C4ADCB024F6A6F900F8B6F6 /* AppDelegate.swift in Sources */,
				8C4ADCB224F6A6F900F8B6F6 /* SceneDelegate.swift in Sources */,
			);
			runOnlyForDeploymentPostprocessing = 0;
		};
/* End PBXSourcesBuildPhase section */

/* Begin PBXVariantGroup section */
		8C4ADCB524F6A6F900F8B6F6 /* Main.storyboard */ = {
			isa = PBXVariantGroup;
			children = (
				8C4ADCB624F6A6F900F8B6F6 /* Base */,
			);
			name = Main.storyboard;
			sourceTree = "<group>";
		};
		8C4ADCBD24F6A6FC00F8B6F6 /* LaunchScreen.storyboard */ = {
			isa = PBXVariantGroup;
			children = (
				8C4ADCBE24F6A6FC00F8B6F6 /* Base */,
			);
			name = LaunchScreen.storyboard;
			sourceTree = "<group>";
		};
/* End PBXVariantGroup section */

/* Begin XCBuildConfiguration section */
		8C4ADCC124F6A6FC00F8B6F6 /* Debug */ = {
			isa = XCBuildConfiguration;
			buildSettings = {
				ALWAYS_SEARCH_USER_PATHS = NO;
				CLANG_ANALYZER_NONNULL = YES;
				CLANG_ANALYZER_NUMBER_OBJECT_CONVERSION = YES_AGGRESSIVE;
				CLANG_CXX_LANGUAGE_STANDARD = "gnu++14";
				CLANG_CXX_LIBRARY = "libc++";
				CLANG_ENABLE_MODULES = YES;
				CLANG_ENABLE_OBJC_ARC = YES;
				CLANG_ENABLE_OBJC_WEAK = YES;
				CLANG_WARN_BLOCK_CAPTURE_AUTORELEASING = YES;
				CLANG_WARN_BOOL_CONVERSION = YES;
				CLANG_WARN_COMMA = YES;
				CLANG_WARN_CONSTANT_CONVERSION = YES;
				CLANG_WARN_DEPRECATED_OBJC_IMPLEMENTATIONS = YES;
				CLANG_WARN_DIRECT_OBJC_ISA_USAGE = YES_ERROR;
				CLANG_WARN_DOCUMENTATION_COMMENTS = YES;
				CLANG_WARN_EMPTY_BODY = YES;
				CLANG_WARN_ENUM_CONVERSION = YES;
				CLANG_WARN_INFINITE_RECURSION = YES;
				CLANG_WARN_INT_CONVERSION = YES;
				CLANG_WARN_NON_LITERAL_NULL_CONVERSION = YES;
				CLANG_WARN_OBJC_IMPLICIT_RETAIN_SELF = YES;
				CLANG_WARN_OBJC_LITERAL_CONVERSION = YES;
				CLANG_WARN_OBJC_ROOT_CLASS = YES_ERROR;
				CLANG_WARN_RANGE_LOOP_ANALYSIS = YES;
				CLANG_WARN_STRICT_PROTOTYPES = YES;
				CLANG_WARN_SUSPICIOUS_MOVE = YES;
				CLANG_WARN_UNGUARDED_AVAILABILITY = YES_AGGRESSIVE;
				CLANG_WARN_UNREACHABLE_CODE = YES;
				CLANG_WARN__DUPLICATE_METHOD_MATCH = YES;
				COPY_PHASE_STRIP = NO;
				DEBUG_INFORMATION_FORMAT = dwarf;
				ENABLE_STRICT_OBJC_MSGSEND = YES;
				ENABLE_TESTABILITY = YES;
				GCC_C_LANGUAGE_STANDARD = gnu11;
				GCC_DYNAMIC_NO_PIC = NO;
				GCC_NO_COMMON_BLOCKS = YES;
				GCC_OPTIMIZATION_LEVEL = 0;
				GCC_PREPROCESSOR_DEFINITIONS = (
					"DEBUG=1",
					"$(inherited)",
				);
				GCC_WARN_64_TO_32_BIT_CONVERSION = YES;
				GCC_WARN_ABOUT_RETURN_TYPE = YES_ERROR;
				GCC_WARN_UNDECLARED_SELECTOR = YES;
				GCC_WARN_UNINITIALIZED_AUTOS = YES_AGGRESSIVE;
				GCC_WARN_UNUSED_FUNCTION = YES;
				GCC_WARN_UNUSED_VARIABLE = YES;
				IPHONEOS_DEPLOYMENT_TARGET = 13.6;
				MTL_ENABLE_DEBUG_INFO = INCLUDE_SOURCE;
				MTL_FAST_MATH = YES;
				ONLY_ACTIVE_ARCH = YES;
				SDKROOT = iphoneos;
				SWIFT_ACTIVE_COMPILATION_CONDITIONS = DEBUG;
				SWIFT_OPTIMIZATION_LEVEL = "-Onone";
			};
			name = Debug;
		};
		8C4ADCC224F6A6FC00F8B6F6 /* Release */ = {
			isa = XCBuildConfiguration;
			buildSettings = {
				ALWAYS_SEARCH_USER_PATHS = NO;
				CLANG_ANALYZER_NONNULL = YES;
				CLANG_ANALYZER_NUMBER_OBJECT_CONVERSION = YES_AGGRESSIVE;
				CLANG_CXX_LANGUAGE_STANDARD = "gnu++14";
				CLANG_CXX_LIBRARY = "libc++";
				CLANG_ENABLE_MODULES = YES;
				CLANG_ENABLE_OBJC_ARC = YES;
				CLANG_ENABLE_OBJC_WEAK = YES;
				CLANG_WARN_BLOCK_CAPTURE_AUTORELEASING = YES;
				CLANG_WARN_BOOL_CONVERSION = YES;
				CLANG_WARN_COMMA = YES;
				CLANG_WARN_CONSTANT_CONVERSION = YES;
				CLANG_WARN_DEPRECATED_OBJC_IMPLEMENTATIONS = YES;
				CLANG_WARN_DIRECT_OBJC_ISA_USAGE = YES_ERROR;
				CLANG_WARN_DOCUMENTATION_COMMENTS = YES;
				CLANG_WARN_EMPTY_BODY = YES;
				CLANG_WARN_ENUM_CONVERSION = YES;
				CLANG_WARN_INFINITE_RECURSION = YES;
				CLANG_WARN_INT_CONVERSION = YES;
				CLANG_WARN_NON_LITERAL_NULL_CONVERSION = YES;
				CLANG_WARN_OBJC_IMPLICIT_RETAIN_SELF = YES;
				CLANG_WARN_OBJC_LITERAL_CONVERSION = YES;
				CLANG_WARN_OBJC_ROOT_CLASS = YES_ERROR;
				CLANG_WARN_RANGE_LOOP_ANALYSIS = YES;
				CLANG_WARN_STRICT_PROTOTYPES = YES;
				CLANG_WARN_SUSPICIOUS_MOVE = YES;
				CLANG_WARN_UNGUARDED_AVAILABILITY = YES_AGGRESSIVE;
				CLANG_WARN_UNREACHABLE_CODE = YES;
				CLANG_WARN__DUPLICATE_METHOD_MATCH = YES;
				COPY_PHASE_STRIP = NO;
				DEBUG_INFORMATION_FORMAT = "dwarf-with-dsym";
				ENABLE_NS_ASSERTIONS = NO;
				ENABLE_STRICT_OBJC_MSGSEND = YES;
				GCC_C_LANGUAGE_STANDARD = gnu11;
				GCC_NO_COMMON_BLOCKS = YES;
				GCC_WARN_64_TO_32_BIT_CONVERSION = YES;
				GCC_WARN_ABOUT_RETURN_TYPE = YES_ERROR;
				GCC_WARN_UNDECLARED_SELECTOR = YES;
				GCC_WARN_UNINITIALIZED_AUTOS = YES_AGGRESSIVE;
				GCC_WARN_UNUSED_FUNCTION = YES;
				GCC_WARN_UNUSED_VARIABLE = YES;
				IPHONEOS_DEPLOYMENT_TARGET = 13.6;
				MTL_ENABLE_DEBUG_INFO = NO;
				MTL_FAST_MATH = YES;
				SDKROOT = iphoneos;
				SWIFT_COMPILATION_MODE = wholemodule;
				SWIFT_OPTIMIZATION_LEVEL = "-O";
				VALIDATE_PRODUCT = YES;
			};
			name = Release;
		};
		8C4ADCC424F6A6FC00F8B6F6 /* Debug */ = {
			isa = XCBuildConfiguration;
			buildSettings = {
				ASSETCATALOG_COMPILER_APPICON_NAME = AppIcon;
				CODE_SIGN_STYLE = Automatic;
				DEVELOPMENT_TEAM = 4VA5NBL27P;
				INFOPLIST_FILE = navSampleApp/Info.plist;
				LD_RUNPATH_SEARCH_PATHS = (
					"$(inherited)",
					"@executable_path/Frameworks",
				);
				PRODUCT_BUNDLE_IDENTIFIER = com.gmail.tukareta.nori.navSampleApp;
				PRODUCT_NAME = "$(TARGET_NAME)";
				SWIFT_VERSION = 5.0;
				TARGETED_DEVICE_FAMILY = "1,2";
			};
			name = Debug;
		};
		8C4ADCC524F6A6FC00F8B6F6 /* Release */ = {
			isa = XCBuildConfiguration;
			buildSettings = {
				ASSETCATALOG_COMPILER_APPICON_NAME = AppIcon;
				CODE_SIGN_STYLE = Automatic;
				DEVELOPMENT_TEAM = 4VA5NBL27P;
				INFOPLIST_FILE = navSampleApp/Info.plist;
				LD_RUNPATH_SEARCH_PATHS = (
					"$(inherited)",
					"@executable_path/Frameworks",
				);
				PRODUCT_BUNDLE_IDENTIFIER = com.gmail.tukareta.nori.navSampleApp;
				PRODUCT_NAME = "$(TARGET_NAME)";
				SWIFT_VERSION = 5.0;
				TARGETED_DEVICE_FAMILY = "1,2";
			};
			name = Release;
		};
/* End XCBuildConfiguration section */

/* Begin XCConfigurationList section */
		8C4ADCA724F6A6F900F8B6F6 /* Build configuration list for PBXProject "navSampleApp" */ = {
			isa = XCConfigurationList;
			buildConfigurations = (
				8C4ADCC124F6A6FC00F8B6F6 /* Debug */,
				8C4ADCC224F6A6FC00F8B6F6 /* Release */,
			);
			defaultConfigurationIsVisible = 0;
			defaultConfigurationName = Release;
		};
		8C4ADCC324F6A6FC00F8B6F6 /* Build configuration list for PBXNativeTarget "navSampleApp" */ = {
			isa = XCConfigurationList;
			buildConfigurations = (
				8C4ADCC424F6A6FC00F8B6F6 /* Debug */,
				8C4ADCC524F6A6FC00F8B6F6 /* Release */,
			);
			defaultConfigurationIsVisible = 0;
			defaultConfigurationName = Release;
		};
/* End XCConfigurationList section */

/* Begin XCVersionGroup section */
		8C4ADCB824F6A6F900F8B6F6 /* navSampleApp.xcdatamodeld */ = {
			isa = XCVersionGroup;
			children = (
				8C4ADCB924F6A6F900F8B6F6 /* navSampleApp.xcdatamodel */,
			);
			currentVersion = 8C4ADCB924F6A6F900F8B6F6 /* navSampleApp.xcdatamodel */;
			path = navSampleApp.xcdatamodeld;
			sourceTree = "<group>";
			versionGroupType = wrapper.xcdatamodel;
		};
/* End XCVersionGroup section */
	};
	rootObject = 8C4ADCA424F6A6F900F8B6F6 /* Project object */;
}
