// !$*UTF8*$!
{
	archiveVersion = 1;
	classes = {
	};
	objectVersion = 50;
	objects = {

/* Begin PBXBuildFile section */
		8C456AB02529A650003682F7 /* AppDelegate.swift in Sources */ = {isa = PBXBuildFile; fileRef = 8C456AAF2529A650003682F7 /* AppDelegate.swift */; };
		8C456AB22529A650003682F7 /* SceneDelegate.swift in Sources */ = {isa = PBXBuildFile; fileRef = 8C456AB12529A650003682F7 /* SceneDelegate.swift */; };
		8C456AB42529A650003682F7 /* ViewController.swift in Sources */ = {isa = PBXBuildFile; fileRef = 8C456AB32529A650003682F7 /* ViewController.swift */; };
		8C456AB72529A650003682F7 /* Main.storyboard in Resources */ = {isa = PBXBuildFile; fileRef = 8C456AB52529A650003682F7 /* Main.storyboard */; };
		8C456ABA2529A650003682F7 /* MVCSampleMakeApp.xcdatamodeld in Sources */ = {isa = PBXBuildFile; fileRef = 8C456AB82529A650003682F7 /* MVCSampleMakeApp.xcdatamodeld */; };
		8C456ABC2529A652003682F7 /* Assets.xcassets in Resources */ = {isa = PBXBuildFile; fileRef = 8C456ABB2529A652003682F7 /* Assets.xcassets */; };
		8C456ABF2529A652003682F7 /* LaunchScreen.storyboard in Resources */ = {isa = PBXBuildFile; fileRef = 8C456ABD2529A652003682F7 /* LaunchScreen.storyboard */; };
		8C456ACA2529A6A7003682F7 /* Task.swift in Sources */ = {isa = PBXBuildFile; fileRef = 8C456AC92529A6A7003682F7 /* Task.swift */; };
		8C456ACC2529A81D003682F7 /* TaskDataManager.swift in Sources */ = {isa = PBXBuildFile; fileRef = 8C456ACB2529A81D003682F7 /* TaskDataManager.swift */; };
		8C456ACE2529B2CE003682F7 /* TaskCell.swift in Sources */ = {isa = PBXBuildFile; fileRef = 8C456ACD2529B2CE003682F7 /* TaskCell.swift */; };
/* End PBXBuildFile section */

/* Begin PBXFileReference section */
		8C456AAC2529A650003682F7 /* MVCSampleMakeApp.app */ = {isa = PBXFileReference; explicitFileType = wrapper.application; includeInIndex = 0; path = MVCSampleMakeApp.app; sourceTree = BUILT_PRODUCTS_DIR; };
		8C456AAF2529A650003682F7 /* AppDelegate.swift */ = {isa = PBXFileReference; lastKnownFileType = sourcecode.swift; path = AppDelegate.swift; sourceTree = "<group>"; };
		8C456AB12529A650003682F7 /* SceneDelegate.swift */ = {isa = PBXFileReference; lastKnownFileType = sourcecode.swift; path = SceneDelegate.swift; sourceTree = "<group>"; };
		8C456AB32529A650003682F7 /* ViewController.swift */ = {isa = PBXFileReference; lastKnownFileType = sourcecode.swift; path = ViewController.swift; sourceTree = "<group>"; };
		8C456AB62529A650003682F7 /* Base */ = {isa = PBXFileReference; lastKnownFileType = file.storyboard; name = Base; path = Base.lproj/Main.storyboard; sourceTree = "<group>"; };
		8C456AB92529A650003682F7 /* MVCSampleMakeApp.xcdatamodel */ = {isa = PBXFileReference; lastKnownFileType = wrapper.xcdatamodel; path = MVCSampleMakeApp.xcdatamodel; sourceTree = "<group>"; };
		8C456ABB2529A652003682F7 /* Assets.xcassets */ = {isa = PBXFileReference; lastKnownFileType = folder.assetcatalog; path = Assets.xcassets; sourceTree = "<group>"; };
		8C456ABE2529A652003682F7 /* Base */ = {isa = PBXFileReference; lastKnownFileType = file.storyboard; name = Base; path = Base.lproj/LaunchScreen.storyboard; sourceTree = "<group>"; };
		8C456AC02529A652003682F7 /* Info.plist */ = {isa = PBXFileReference; lastKnownFileType = text.plist.xml; path = Info.plist; sourceTree = "<group>"; };
		8C456AC92529A6A7003682F7 /* Task.swift */ = {isa = PBXFileReference; lastKnownFileType = sourcecode.swift; path = Task.swift; sourceTree = "<group>"; };
		8C456ACB2529A81D003682F7 /* TaskDataManager.swift */ = {isa = PBXFileReference; lastKnownFileType = sourcecode.swift; path = TaskDataManager.swift; sourceTree = "<group>"; };
		8C456ACD2529B2CE003682F7 /* TaskCell.swift */ = {isa = PBXFileReference; lastKnownFileType = sourcecode.swift; path = TaskCell.swift; sourceTree = "<group>"; };
/* End PBXFileReference section */

/* Begin PBXFrameworksBuildPhase section */
		8C456AA92529A64F003682F7 /* Frameworks */ = {
			isa = PBXFrameworksBuildPhase;
			buildActionMask = 2147483647;
			files = (
			);
			runOnlyForDeploymentPostprocessing = 0;
		};
/* End PBXFrameworksBuildPhase section */

/* Begin PBXGroup section */
		8C456AA32529A64F003682F7 = {
			isa = PBXGroup;
			children = (
				8C456AAE2529A650003682F7 /* MVCSampleMakeApp */,
				8C456AAD2529A650003682F7 /* Products */,
			);
			sourceTree = "<group>";
		};
		8C456AAD2529A650003682F7 /* Products */ = {
			isa = PBXGroup;
			children = (
				8C456AAC2529A650003682F7 /* MVCSampleMakeApp.app */,
			);
			name = Products;
			sourceTree = "<group>";
		};
		8C456AAE2529A650003682F7 /* MVCSampleMakeApp */ = {
			isa = PBXGroup;
			children = (
				8C456AC82529A677003682F7 /* Controller */,
				8C456AC72529A66F003682F7 /* View */,
				8C456AC62529A65D003682F7 /* Model */,
				8C456AAF2529A650003682F7 /* AppDelegate.swift */,
				8C456AB12529A650003682F7 /* SceneDelegate.swift */,
				8C456AB32529A650003682F7 /* ViewController.swift */,
				8C456AB52529A650003682F7 /* Main.storyboard */,
				8C456ABB2529A652003682F7 /* Assets.xcassets */,
				8C456ABD2529A652003682F7 /* LaunchScreen.storyboard */,
				8C456AC02529A652003682F7 /* Info.plist */,
				8C456AB82529A650003682F7 /* MVCSampleMakeApp.xcdatamodeld */,
			);
			path = MVCSampleMakeApp;
			sourceTree = "<group>";
		};
		8C456AC62529A65D003682F7 /* Model */ = {
			isa = PBXGroup;
			children = (
				8C456AC92529A6A7003682F7 /* Task.swift */,
				8C456ACB2529A81D003682F7 /* TaskDataManager.swift */,
			);
			path = Model;
			sourceTree = "<group>";
		};
		8C456AC72529A66F003682F7 /* View */ = {
			isa = PBXGroup;
			children = (
				8C456ACD2529B2CE003682F7 /* TaskCell.swift */,
			);
			path = View;
			sourceTree = "<group>";
		};
		8C456AC82529A677003682F7 /* Controller */ = {
			isa = PBXGroup;
			children = (
			);
			path = Controller;
			sourceTree = "<group>";
		};
/* End PBXGroup section */

/* Begin PBXNativeTarget section */
		8C456AAB2529A64F003682F7 /* MVCSampleMakeApp */ = {
			isa = PBXNativeTarget;
			buildConfigurationList = 8C456AC32529A652003682F7 /* Build configuration list for PBXNativeTarget "MVCSampleMakeApp" */;
			buildPhases = (
				8C456AA82529A64F003682F7 /* Sources */,
				8C456AA92529A64F003682F7 /* Frameworks */,
				8C456AAA2529A64F003682F7 /* Resources */,
			);
			buildRules = (
			);
			dependencies = (
			);
			name = MVCSampleMakeApp;
			productName = MVCSampleMakeApp;
			productReference = 8C456AAC2529A650003682F7 /* MVCSampleMakeApp.app */;
			productType = "com.apple.product-type.application";
		};
/* End PBXNativeTarget section */

/* Begin PBXProject section */
		8C456AA42529A64F003682F7 /* Project object */ = {
			isa = PBXProject;
			attributes = {
				LastSwiftUpdateCheck = 1170;
				LastUpgradeCheck = 1170;
				ORGANIZATIONNAME = "尾原徳泰";
				TargetAttributes = {
					8C456AAB2529A64F003682F7 = {
						CreatedOnToolsVersion = 11.7;
					};
				};
			};
			buildConfigurationList = 8C456AA72529A64F003682F7 /* Build configuration list for PBXProject "MVCSampleMakeApp" */;
			compatibilityVersion = "Xcode 9.3";
			developmentRegion = en;
			hasScannedForEncodings = 0;
			knownRegions = (
				en,
				Base,
			);
			mainGroup = 8C456AA32529A64F003682F7;
			productRefGroup = 8C456AAD2529A650003682F7 /* Products */;
			projectDirPath = "";
			projectRoot = "";
			targets = (
				8C456AAB2529A64F003682F7 /* MVCSampleMakeApp */,
			);
		};
/* End PBXProject section */

/* Begin PBXResourcesBuildPhase section */
		8C456AAA2529A64F003682F7 /* Resources */ = {
			isa = PBXResourcesBuildPhase;
			buildActionMask = 2147483647;
			files = (
				8C456ABF2529A652003682F7 /* LaunchScreen.storyboard in Resources */,
				8C456ABC2529A652003682F7 /* Assets.xcassets in Resources */,
				8C456AB72529A650003682F7 /* Main.storyboard in Resources */,
			);
			runOnlyForDeploymentPostprocessing = 0;
		};
/* End PBXResourcesBuildPhase section */

/* Begin PBXSourcesBuildPhase section */
		8C456AA82529A64F003682F7 /* Sources */ = {
			isa = PBXSourcesBuildPhase;
			buildActionMask = 2147483647;
			files = (
				8C456ABA2529A650003682F7 /* MVCSampleMakeApp.xcdatamodeld in Sources */,
				8C456ACE2529B2CE003682F7 /* TaskCell.swift in Sources */,
				8C456AB42529A650003682F7 /* ViewController.swift in Sources */,
				8C456ACA2529A6A7003682F7 /* Task.swift in Sources */,
				8C456AB02529A650003682F7 /* AppDelegate.swift in Sources */,
				8C456ACC2529A81D003682F7 /* TaskDataManager.swift in Sources */,
				8C456AB22529A650003682F7 /* SceneDelegate.swift in Sources */,
			);
			runOnlyForDeploymentPostprocessing = 0;
		};
/* End PBXSourcesBuildPhase section */

/* Begin PBXVariantGroup section */
		8C456AB52529A650003682F7 /* Main.storyboard */ = {
			isa = PBXVariantGroup;
			children = (
				8C456AB62529A650003682F7 /* Base */,
			);
			name = Main.storyboard;
			sourceTree = "<group>";
		};
		8C456ABD2529A652003682F7 /* LaunchScreen.storyboard */ = {
			isa = PBXVariantGroup;
			children = (
				8C456ABE2529A652003682F7 /* Base */,
			);
			name = LaunchScreen.storyboard;
			sourceTree = "<group>";
		};
/* End PBXVariantGroup section */

/* Begin XCBuildConfiguration section */
		8C456AC12529A652003682F7 /* Debug */ = {
			isa = XCBuildConfiguration;
			buildSettings = {
				ALWAYS_SEARCH_USER_PATHS = NO;
				CLANG_ANALYZER_NONNULL = YES;
				CLANG_ANALYZER_NUMBER_OBJECT_CONVERSION = YES_AGGRESSIVE;
				CLANG_CXX_LANGUAGE_STANDARD = "gnu++14";
				CLANG_CXX_LIBRARY = "libc++";
				CLANG_ENABLE_MODULES = YES;
				CLANG_ENABLE_OBJC_ARC = YES;
				CLANG_ENABLE_OBJC_WEAK = YES;
				CLANG_WARN_BLOCK_CAPTURE_AUTORELEASING = YES;
				CLANG_WARN_BOOL_CONVERSION = YES;
				CLANG_WARN_COMMA = YES;
				CLANG_WARN_CONSTANT_CONVERSION = YES;
				CLANG_WARN_DEPRECATED_OBJC_IMPLEMENTATIONS = YES;
				CLANG_WARN_DIRECT_OBJC_ISA_USAGE = YES_ERROR;
				CLANG_WARN_DOCUMENTATION_COMMENTS = YES;
				CLANG_WARN_EMPTY_BODY = YES;
				CLANG_WARN_ENUM_CONVERSION = YES;
				CLANG_WARN_INFINITE_RECURSION = YES;
				CLANG_WARN_INT_CONVERSION = YES;
				CLANG_WARN_NON_LITERAL_NULL_CONVERSION = YES;
				CLANG_WARN_OBJC_IMPLICIT_RETAIN_SELF = YES;
				CLANG_WARN_OBJC_LITERAL_CONVERSION = YES;
				CLANG_WARN_OBJC_ROOT_CLASS = YES_ERROR;
				CLANG_WARN_RANGE_LOOP_ANALYSIS = YES;
				CLANG_WARN_STRICT_PROTOTYPES = YES;
				CLANG_WARN_SUSPICIOUS_MOVE = YES;
				CLANG_WARN_UNGUARDED_AVAILABILITY = YES_AGGRESSIVE;
				CLANG_WARN_UNREACHABLE_CODE = YES;
				CLANG_WARN__DUPLICATE_METHOD_MATCH = YES;
				COPY_PHASE_STRIP = NO;
				DEBUG_INFORMATION_FORMAT = dwarf;
				ENABLE_STRICT_OBJC_MSGSEND = YES;
				ENABLE_TESTABILITY = YES;
				GCC_C_LANGUAGE_STANDARD = gnu11;
				GCC_DYNAMIC_NO_PIC = NO;
				GCC_NO_COMMON_BLOCKS = YES;
				GCC_OPTIMIZATION_LEVEL = 0;
				GCC_PREPROCESSOR_DEFINITIONS = (
					"DEBUG=1",
					"$(inherited)",
				);
				GCC_WARN_64_TO_32_BIT_CONVERSION = YES;
				GCC_WARN_ABOUT_RETURN_TYPE = YES_ERROR;
				GCC_WARN_UNDECLARED_SELECTOR = YES;
				GCC_WARN_UNINITIALIZED_AUTOS = YES_AGGRESSIVE;
				GCC_WARN_UNUSED_FUNCTION = YES;
				GCC_WARN_UNUSED_VARIABLE = YES;
				IPHONEOS_DEPLOYMENT_TARGET = 13.7;
				MTL_ENABLE_DEBUG_INFO = INCLUDE_SOURCE;
				MTL_FAST_MATH = YES;
				ONLY_ACTIVE_ARCH = YES;
				SDKROOT = iphoneos;
				SWIFT_ACTIVE_COMPILATION_CONDITIONS = DEBUG;
				SWIFT_OPTIMIZATION_LEVEL = "-Onone";
			};
			name = Debug;
		};
		8C456AC22529A652003682F7 /* Release */ = {
			isa = XCBuildConfiguration;
			buildSettings = {
				ALWAYS_SEARCH_USER_PATHS = NO;
				CLANG_ANALYZER_NONNULL = YES;
				CLANG_ANALYZER_NUMBER_OBJECT_CONVERSION = YES_AGGRESSIVE;
				CLANG_CXX_LANGUAGE_STANDARD = "gnu++14";
				CLANG_CXX_LIBRARY = "libc++";
				CLANG_ENABLE_MODULES = YES;
				CLANG_ENABLE_OBJC_ARC = YES;
				CLANG_ENABLE_OBJC_WEAK = YES;
				CLANG_WARN_BLOCK_CAPTURE_AUTORELEASING = YES;
				CLANG_WARN_BOOL_CONVERSION = YES;
				CLANG_WARN_COMMA = YES;
				CLANG_WARN_CONSTANT_CONVERSION = YES;
				CLANG_WARN_DEPRECATED_OBJC_IMPLEMENTATIONS = YES;
				CLANG_WARN_DIRECT_OBJC_ISA_USAGE = YES_ERROR;
				CLANG_WARN_DOCUMENTATION_COMMENTS = YES;
				CLANG_WARN_EMPTY_BODY = YES;
				CLANG_WARN_ENUM_CONVERSION = YES;
				CLANG_WARN_INFINITE_RECURSION = YES;
				CLANG_WARN_INT_CONVERSION = YES;
				CLANG_WARN_NON_LITERAL_NULL_CONVERSION = YES;
				CLANG_WARN_OBJC_IMPLICIT_RETAIN_SELF = YES;
				CLANG_WARN_OBJC_LITERAL_CONVERSION = YES;
				CLANG_WARN_OBJC_ROOT_CLASS = YES_ERROR;
				CLANG_WARN_RANGE_LOOP_ANALYSIS = YES;
				CLANG_WARN_STRICT_PROTOTYPES = YES;
				CLANG_WARN_SUSPICIOUS_MOVE = YES;
				CLANG_WARN_UNGUARDED_AVAILABILITY = YES_AGGRESSIVE;
				CLANG_WARN_UNREACHABLE_CODE = YES;
				CLANG_WARN__DUPLICATE_METHOD_MATCH = YES;
				COPY_PHASE_STRIP = NO;
				DEBUG_INFORMATION_FORMAT = "dwarf-with-dsym";
				ENABLE_NS_ASSERTIONS = NO;
				ENABLE_STRICT_OBJC_MSGSEND = YES;
				GCC_C_LANGUAGE_STANDARD = gnu11;
				GCC_NO_COMMON_BLOCKS = YES;
				GCC_WARN_64_TO_32_BIT_CONVERSION = YES;
				GCC_WARN_ABOUT_RETURN_TYPE = YES_ERROR;
				GCC_WARN_UNDECLARED_SELECTOR = YES;
				GCC_WARN_UNINITIALIZED_AUTOS = YES_AGGRESSIVE;
				GCC_WARN_UNUSED_FUNCTION = YES;
				GCC_WARN_UNUSED_VARIABLE = YES;
				IPHONEOS_DEPLOYMENT_TARGET = 13.7;
				MTL_ENABLE_DEBUG_INFO = NO;
				MTL_FAST_MATH = YES;
				SDKROOT = iphoneos;
				SWIFT_COMPILATION_MODE = wholemodule;
				SWIFT_OPTIMIZATION_LEVEL = "-O";
				VALIDATE_PRODUCT = YES;
			};
			name = Release;
		};
		8C456AC42529A652003682F7 /* Debug */ = {
			isa = XCBuildConfiguration;
			buildSettings = {
				ASSETCATALOG_COMPILER_APPICON_NAME = AppIcon;
				CODE_SIGN_STYLE = Automatic;
				DEVELOPMENT_TEAM = 4VA5NBL27P;
				INFOPLIST_FILE = MVCSampleMakeApp/Info.plist;
				LD_RUNPATH_SEARCH_PATHS = (
					"$(inherited)",
					"@executable_path/Frameworks",
				);
				PRODUCT_BUNDLE_IDENTIFIER = com.gmail.tukareta.nori.MVCSampleMakeApp;
				PRODUCT_NAME = "$(TARGET_NAME)";
				SWIFT_VERSION = 5.0;
				TARGETED_DEVICE_FAMILY = "1,2";
			};
			name = Debug;
		};
		8C456AC52529A652003682F7 /* Release */ = {
			isa = XCBuildConfiguration;
			buildSettings = {
				ASSETCATALOG_COMPILER_APPICON_NAME = AppIcon;
				CODE_SIGN_STYLE = Automatic;
				DEVELOPMENT_TEAM = 4VA5NBL27P;
				INFOPLIST_FILE = MVCSampleMakeApp/Info.plist;
				LD_RUNPATH_SEARCH_PATHS = (
					"$(inherited)",
					"@executable_path/Frameworks",
				);
				PRODUCT_BUNDLE_IDENTIFIER = com.gmail.tukareta.nori.MVCSampleMakeApp;
				PRODUCT_NAME = "$(TARGET_NAME)";
				SWIFT_VERSION = 5.0;
				TARGETED_DEVICE_FAMILY = "1,2";
			};
			name = Release;
		};
/* End XCBuildConfiguration section */

/* Begin XCConfigurationList section */
		8C456AA72529A64F003682F7 /* Build configuration list for PBXProject "MVCSampleMakeApp" */ = {
			isa = XCConfigurationList;
			buildConfigurations = (
				8C456AC12529A652003682F7 /* Debug */,
				8C456AC22529A652003682F7 /* Release */,
			);
			defaultConfigurationIsVisible = 0;
			defaultConfigurationName = Release;
		};
		8C456AC32529A652003682F7 /* Build configuration list for PBXNativeTarget "MVCSampleMakeApp" */ = {
			isa = XCConfigurationList;
			buildConfigurations = (
				8C456AC42529A652003682F7 /* Debug */,
				8C456AC52529A652003682F7 /* Release */,
			);
			defaultConfigurationIsVisible = 0;
			defaultConfigurationName = Release;
		};
/* End XCConfigurationList section */

/* Begin XCVersionGroup section */
		8C456AB82529A650003682F7 /* MVCSampleMakeApp.xcdatamodeld */ = {
			isa = XCVersionGroup;
			children = (
				8C456AB92529A650003682F7 /* MVCSampleMakeApp.xcdatamodel */,
			);
			currentVersion = 8C456AB92529A650003682F7 /* MVCSampleMakeApp.xcdatamodel */;
			path = MVCSampleMakeApp.xcdatamodeld;
			sourceTree = "<group>";
			versionGroupType = wrapper.xcdatamodel;
		};
/* End XCVersionGroup section */
	};
	rootObject = 8C456AA42529A64F003682F7 /* Project object */;
}
